{
  "requires": true,
  "lockfileVersion": 1,
  "dependencies": {
    "events": {
      "version": "1.1.1",
      "resolved": "https://registry.npmjs.org/events/-/events-1.1.1.tgz",
      "integrity": "sha1-nr23Y1rQmccNzEwqH1AEKI6L2SQ="
    },
    "react-native-events": {
      "version": "1.0.12",
      "resolved": "https://registry.npmjs.org/react-native-events/-/react-native-events-1.0.12.tgz",
      "integrity": "sha512-yZB8RnW6JY7vHK/AgHLNKynG9fdB6k0JwNqZ1Ad2c2kf3e+Nf/vBdurFEZOjuTyXofeeem246Fmo7Rm7FGIonw==",
      "requires": {
        "events": "^1.1.1"
      }
    },
    "rn-spotify-sdk": {
      "version": "1.1.13",
      "resolved": "https://registry.npmjs.org/rn-spotify-sdk/-/rn-spotify-sdk-1.1.13.tgz",
      "integrity": "sha512-FM0VthxvgWBnNxxHwwlzRnhafVck8izLIIhSig4qPxwJVS2bPEZiPt87lhF61QvIZXTl4LZTwv5q07fVc7mlbA==",
      "requires": {
        "react-native-events": "~1.0.10"
      }
    }
  }
}
